
Microsoft Visual Studio Solution File, Format Version 12.00
# Visual Studio Version 16
VisualStudioVersion = 16.0.30804.86
MinimumVisualStudioVersion = 10.0.40219.1
Project("{FAE04EC0-301F-11D3-BF4B-00C04F79EFBC}") = "MyCityClient", "MyCityClient.csproj", "{73499AD8-430E-4582-AC29-C576FC649CD7}"
EndProject
Global
	GlobalSection(SolutionConfigurationPlatforms) = preSolution
		Debug|Any CPU = Debug|Any CPU
		Release|Any CPU = Release|Any CPU
	EndGlobalSection
	GlobalSection(ProjectConfigurationPlatforms) = postSolution
		{73499AD8-430E-4582-AC29-C576FC649CD7}.Debug|Any CPU.ActiveCfg = Debug|Any CPU
		{73499AD8-430E-4582-AC29-C576FC649CD7}.Debug|Any CPU.Build.0 = Debug|Any CPU
		{73499AD8-430E-4582-AC29-C576FC649CD7}.Release|Any CPU.ActiveCfg = Release|Any CPU
		{73499AD8-430E-4582-AC29-C576FC649CD7}.Release|Any CPU.Build.0 = Release|Any CPU
	EndGlobalSection
	GlobalSection(SolutionProperties) = preSolution
		HideSolutionNode = FALSE
	EndGlobalSection
	GlobalSection(ExtensibilityGlobals) = postSolution
		SolutionGuid = {43A132DD-D87C-4709-9970-5FAA24A1B93B}
	EndGlobalSection
EndGlobal
