
Microsoft Visual Studio Solution File, Format Version 12.00
# Visual Studio Version 16
VisualStudioVersion = 16.0.30804.86
MinimumVisualStudioVersion = 10.0.40219.1
Project("{FAE04EC0-301F-11D3-BF4B-00C04F79EFBC}") = "MyCityHostConsole", "MyCityHostConsole.csproj", "{37D29A55-72D5-47CD-836C-1F0753F21A12}"
EndProject
Global
	GlobalSection(SolutionConfigurationPlatforms) = preSolution
		Debug|Any CPU = Debug|Any CPU
		Release|Any CPU = Release|Any CPU
	EndGlobalSection
	GlobalSection(ProjectConfigurationPlatforms) = postSolution
		{37D29A55-72D5-47CD-836C-1F0753F21A12}.Debug|Any CPU.ActiveCfg = Debug|Any CPU
		{37D29A55-72D5-47CD-836C-1F0753F21A12}.Debug|Any CPU.Build.0 = Debug|Any CPU
		{37D29A55-72D5-47CD-836C-1F0753F21A12}.Release|Any CPU.ActiveCfg = Release|Any CPU
		{37D29A55-72D5-47CD-836C-1F0753F21A12}.Release|Any CPU.Build.0 = Release|Any CPU
	EndGlobalSection
	GlobalSection(SolutionProperties) = preSolution
		HideSolutionNode = FALSE
	EndGlobalSection
	GlobalSection(ExtensibilityGlobals) = postSolution
		SolutionGuid = {7B1B6970-A619-45DF-AB49-B7E8B71378D7}
	EndGlobalSection
EndGlobal
